
Microsoft Visual Studio Solution File, Format Version 12.00
# Visual Studio 15
VisualStudioVersion = 15.0.28307.1321
MinimumVisualStudioVersion = 10.0.40219.1
Project("{FAE04EC0-301F-11D3-BF4B-00C04F79EFBC}") = "FileSystemHelper", "FileSystemHelper\FileSystemHelper.csproj", "{D32B6954-D36D-45CB-9FAC-1DC96D70D35B}"
EndProject
Project("{FAE04EC0-301F-11D3-BF4B-00C04F79EFBC}") = "PluginBase", "PluginBase\PluginBase.csproj", "{2307580B-1BAD-4711-8D4C-4866A9DDBC0D}"
EndProject
Project("{FAE04EC0-301F-11D3-BF4B-00C04F79EFBC}") = "SummarizerPlugin", "SummarizerPlugin\SummarizerPlugin.csproj", "{7ED5E877-B709-4272-B96A-E7B048CFBDEB}"
	ProjectSection(ProjectDependencies) = postProject
		{2307580B-1BAD-4711-8D4C-4866A9DDBC0D} = {2307580B-1BAD-4711-8D4C-4866A9DDBC0D}
	EndProjectSection
EndProject
Project("{FAE04EC0-301F-11D3-BF4B-00C04F79EFBC}") = "ImageCaptionerPlugin", "ImageCaptionerPlugin\ImageCaptionerPlugin.csproj", "{30BC47BC-EF05-40CA-9E47-A8F6F2F1AF44}"
EndProject
Project("{FAE04EC0-301F-11D3-BF4B-00C04F79EFBC}") = "OrganizerPlugin", "OrganizerPlugin\OrganizerPlugin.csproj", "{054A857D-1490-41B3-BD25-ED0BB2DB3CF4}"
EndProject
Project("{FAE04EC0-301F-11D3-BF4B-00C04F79EFBC}") = "ArchiverPlugin", "ArchiverPlugin\ArchiverPlugin.csproj", "{A1162EEF-5D6D-4BF0-BCE3-EFE1275C95F4}"
EndProject
Project("{54435603-DBB4-11D2-8724-00A0C9A8B90C}") = "Setup", "Setup\Setup.vdproj", "{DAE8E0F1-2117-4BEC-A415-2882779EEA6F}"
EndProject
Global
	GlobalSection(SolutionConfigurationPlatforms) = preSolution
		Debug|Any CPU = Debug|Any CPU
		Release|Any CPU = Release|Any CPU
	EndGlobalSection
	GlobalSection(ProjectConfigurationPlatforms) = postSolution
		{D32B6954-D36D-45CB-9FAC-1DC96D70D35B}.Debug|Any CPU.ActiveCfg = Debug|Any CPU
		{D32B6954-D36D-45CB-9FAC-1DC96D70D35B}.Debug|Any CPU.Build.0 = Debug|Any CPU
		{D32B6954-D36D-45CB-9FAC-1DC96D70D35B}.Release|Any CPU.ActiveCfg = Release|Any CPU
		{D32B6954-D36D-45CB-9FAC-1DC96D70D35B}.Release|Any CPU.Build.0 = Release|Any CPU
		{2307580B-1BAD-4711-8D4C-4866A9DDBC0D}.Debug|Any CPU.ActiveCfg = Debug|Any CPU
		{2307580B-1BAD-4711-8D4C-4866A9DDBC0D}.Debug|Any CPU.Build.0 = Debug|Any CPU
		{2307580B-1BAD-4711-8D4C-4866A9DDBC0D}.Release|Any CPU.ActiveCfg = Release|Any CPU
		{2307580B-1BAD-4711-8D4C-4866A9DDBC0D}.Release|Any CPU.Build.0 = Release|Any CPU
		{7ED5E877-B709-4272-B96A-E7B048CFBDEB}.Debug|Any CPU.ActiveCfg = Debug|Any CPU
		{7ED5E877-B709-4272-B96A-E7B048CFBDEB}.Debug|Any CPU.Build.0 = Debug|Any CPU
		{7ED5E877-B709-4272-B96A-E7B048CFBDEB}.Release|Any CPU.ActiveCfg = Release|Any CPU
		{7ED5E877-B709-4272-B96A-E7B048CFBDEB}.Release|Any CPU.Build.0 = Release|Any CPU
		{30BC47BC-EF05-40CA-9E47-A8F6F2F1AF44}.Debug|Any CPU.ActiveCfg = Debug|Any CPU
		{30BC47BC-EF05-40CA-9E47-A8F6F2F1AF44}.Debug|Any CPU.Build.0 = Debug|Any CPU
		{30BC47BC-EF05-40CA-9E47-A8F6F2F1AF44}.Release|Any CPU.ActiveCfg = Release|Any CPU
		{30BC47BC-EF05-40CA-9E47-A8F6F2F1AF44}.Release|Any CPU.Build.0 = Release|Any CPU
		{054A857D-1490-41B3-BD25-ED0BB2DB3CF4}.Debug|Any CPU.ActiveCfg = Debug|Any CPU
		{054A857D-1490-41B3-BD25-ED0BB2DB3CF4}.Debug|Any CPU.Build.0 = Debug|Any CPU
		{054A857D-1490-41B3-BD25-ED0BB2DB3CF4}.Release|Any CPU.ActiveCfg = Release|Any CPU
		{054A857D-1490-41B3-BD25-ED0BB2DB3CF4}.Release|Any CPU.Build.0 = Release|Any CPU
		{A1162EEF-5D6D-4BF0-BCE3-EFE1275C95F4}.Debug|Any CPU.ActiveCfg = Debug|Any CPU
		{A1162EEF-5D6D-4BF0-BCE3-EFE1275C95F4}.Debug|Any CPU.Build.0 = Debug|Any CPU
		{A1162EEF-5D6D-4BF0-BCE3-EFE1275C95F4}.Release|Any CPU.ActiveCfg = Release|Any CPU
		{A1162EEF-5D6D-4BF0-BCE3-EFE1275C95F4}.Release|Any CPU.Build.0 = Release|Any CPU
		{DAE8E0F1-2117-4BEC-A415-2882779EEA6F}.Debug|Any CPU.ActiveCfg = Debug
		{DAE8E0F1-2117-4BEC-A415-2882779EEA6F}.Release|Any CPU.ActiveCfg = Release
	EndGlobalSection
	GlobalSection(SolutionProperties) = preSolution
		HideSolutionNode = FALSE
	EndGlobalSection
	GlobalSection(ExtensibilityGlobals) = postSolution
		SolutionGuid = {30B48A23-0E6B-473C-BAB3-E4433E49FC4E}
	EndGlobalSection
EndGlobal
